
Microsoft Visual Studio Solution File, Format Version 12.00
# Visual Studio Version 17
VisualStudioVersion = 17.3.32929.385
MinimumVisualStudioVersion = 10.0.40219.1
Project("{FAE04EC0-301F-11D3-BF4B-00C04F79EFBC}") = "JooleApplication", "JooleApplication.csproj", "{20A5B5EA-8DEF-481F-BE2C-66C34C6DFE3A}"
EndProject
Project("{2150E333-8FDC-42A3-9474-1A3956D46DE8}") = "images", "images", "{C98B1486-066E-465A-AF06-DF02CF9ED814}"
	ProjectSection(SolutionItems) = preProject
		..\..\..\JooleWebAppProject\images\dropdown_arrow.png = ..\..\..\JooleWebAppProject\images\dropdown_arrow.png
		..\..\..\JooleWebAppProject\images\fans1.jpg = ..\..\..\JooleWebAppProject\images\fans1.jpg
		..\..\..\JooleWebAppProject\images\fans2.jpg = ..\..\..\JooleWebAppProject\images\fans2.jpg
		..\..\..\JooleWebAppProject\images\fans2.png = ..\..\..\JooleWebAppProject\images\fans2.png
		..\..\..\JooleWebAppProject\images\logo.jpg = ..\..\..\JooleWebAppProject\images\logo.jpg
		..\..\..\JooleWebAppProject\images\logo.png = ..\..\..\JooleWebAppProject\images\logo.png
		..\..\..\JooleWebAppProject\images\logo1.jpg = ..\..\..\JooleWebAppProject\images\logo1.jpg
		..\..\..\JooleWebAppProject\images\logo2.png = ..\..\..\JooleWebAppProject\images\logo2.png
		..\..\..\JooleWebAppProject\images\search.png = ..\..\..\JooleWebAppProject\images\search.png
		..\..\..\JooleWebAppProject\images\updown.png = ..\..\..\JooleWebAppProject\images\updown.png
		..\..\..\JooleWebAppProject\images\updown2.png = ..\..\..\JooleWebAppProject\images\updown2.png
		..\..\..\JooleWebAppProject\images\updown3.png = ..\..\..\JooleWebAppProject\images\updown3.png
		..\..\..\JooleWebAppProject\images\updown4.png = ..\..\..\JooleWebAppProject\images\updown4.png
		..\..\..\JooleWebAppProject\images\updownimg.png = ..\..\..\JooleWebAppProject\images\updownimg.png
		..\..\..\JooleWebAppProject\images\up_down.jpg = ..\..\..\JooleWebAppProject\images\up_down.jpg
	EndProjectSection
EndProject
Global
	GlobalSection(SolutionConfigurationPlatforms) = preSolution
		Debug|Any CPU = Debug|Any CPU
		Release|Any CPU = Release|Any CPU
	EndGlobalSection
	GlobalSection(ProjectConfigurationPlatforms) = postSolution
		{20A5B5EA-8DEF-481F-BE2C-66C34C6DFE3A}.Debug|Any CPU.ActiveCfg = Debug|Any CPU
		{20A5B5EA-8DEF-481F-BE2C-66C34C6DFE3A}.Debug|Any CPU.Build.0 = Debug|Any CPU
		{20A5B5EA-8DEF-481F-BE2C-66C34C6DFE3A}.Release|Any CPU.ActiveCfg = Release|Any CPU
		{20A5B5EA-8DEF-481F-BE2C-66C34C6DFE3A}.Release|Any CPU.Build.0 = Release|Any CPU
	EndGlobalSection
	GlobalSection(SolutionProperties) = preSolution
		HideSolutionNode = FALSE
	EndGlobalSection
	GlobalSection(ExtensibilityGlobals) = postSolution
		SolutionGuid = {CC91D9E7-4257-4F4F-B1D9-42C412CD0E8E}
	EndGlobalSection
EndGlobal
